
Microsoft Visual Studio Solution File, Format Version 12.00
# Visual Studio 15
VisualStudioVersion = 15.0.27703.2000
MinimumVisualStudioVersion = 10.0.40219.1
Project("{FAE04EC0-301F-11D3-BF4B-00C04F79EFBC}") = "String_Versus_string", "String_Versus_string\String_Versus_string.csproj", "{984D9143-3263-4AC6-974B-CFE02D6D0E70}"
EndProject
Project("{FAE04EC0-301F-11D3-BF4B-00C04F79EFBC}") = "Ref_Versus_Out", "Ref_Versus_Out\Ref_Versus_Out.csproj", "{3B02BCF0-58E2-4143-9FA6-57AD5A7CA17F}"
EndProject
Project("{FAE04EC0-301F-11D3-BF4B-00C04F79EFBC}") = "Array_Versus_ArrayList", "Array_Versus_ArrayList\Array_Versus_ArrayList.csproj", "{FD5F68E0-20DF-47FC-8A01-DD3C4CC5B6AC}"
EndProject
Project("{FAE04EC0-301F-11D3-BF4B-00C04F79EFBC}") = "ValueType_Versus_ReferenceType", "ValueType_Versus_ReferenceType\ValueType_Versus_ReferenceType.csproj", "{EFCB6CF8-872F-4774-BC97-DBE7367E8319}"
EndProject
Project("{FAE04EC0-301F-11D3-BF4B-00C04F79EFBC}") = "Readonly_Versus_Const", "Readonly_Versus_Const\Readonly_Versus_Const.csproj", "{DADADF21-0A5A-497F-8F63-8F0EE0F3B0F1}"
EndProject
Project("{FAE04EC0-301F-11D3-BF4B-00C04F79EFBC}") = "Try_Catch_Finally_Block", "Try_Catch_Finally_Block\Try_Catch_Finally_Block.csproj", "{EECEB8F5-5DF4-4EBE-97E2-143D92148988}"
EndProject
Project("{FAE04EC0-301F-11D3-BF4B-00C04F79EFBC}") = "StringBuilder_Versus_String", "StringBuilder_Versus_String\StringBuilder_Versus_String.csproj", "{23A4F39B-6FB6-444A-9CF6-8158E043BA3D}"
EndProject
Project("{FAE04EC0-301F-11D3-BF4B-00C04F79EFBC}") = "Generic_Sample", "Generic_Sample\Generic_Sample.csproj", "{EBD255E7-D772-46C2-9829-53612693D64B}"
EndProject
Project("{FAE04EC0-301F-11D3-BF4B-00C04F79EFBC}") = "Dictionary_Versus_HashTable", "Dictionary_Versus_HashTable\Dictionary_Versus_HashTable.csproj", "{1145C969-9BE9-4961-B65F-24C8976A3D2F}"
EndProject
Project("{FAE04EC0-301F-11D3-BF4B-00C04F79EFBC}") = "ConsoleApp1", "ConsoleApp1\ConsoleApp1.csproj", "{8539D983-5D5C-4FB9-982D-2B632CC611DC}"
EndProject
Project("{FAE04EC0-301F-11D3-BF4B-00C04F79EFBC}") = "SealedKeyword", "SealedKeyword\SealedKeyword.csproj", "{C314A170-6277-4E21-AF45-4B2F82BE5BEB}"
EndProject
Project("{FAE04EC0-301F-11D3-BF4B-00C04F79EFBC}") = "Constructors", "Constructors\Constructors.csproj", "{0B09FA06-9432-4542-9A8E-AAE1F32BC5F9}"
EndProject
Project("{FAE04EC0-301F-11D3-BF4B-00C04F79EFBC}") = "StaticConstructor", "StaticConstructor\StaticConstructor.csproj", "{B7172D42-209C-413C-885B-D4010D40DE87}"
EndProject
Project("{FAE04EC0-301F-11D3-BF4B-00C04F79EFBC}") = "Indexers", "Indexers\Indexers.csproj", "{DDD69D93-6ED7-4E68-A23B-9326A08945CD}"
EndProject
Project("{FAE04EC0-301F-11D3-BF4B-00C04F79EFBC}") = "YieldKeyword", "YieldKeyword\YieldKeyword.csproj", "{9E0B70CB-32CC-48B5-B5E9-76A5F2E8E780}"
EndProject
Project("{FAE04EC0-301F-11D3-BF4B-00C04F79EFBC}") = "DelegateSample", "DelegateSample\DelegateSample.csproj", "{BAA77FAD-A7B6-4C54-83B3-24A2BCA92230}"
EndProject
Project("{FAE04EC0-301F-11D3-BF4B-00C04F79EFBC}") = "Sample", "Sample\Sample.csproj", "{C67B2DB9-6D2E-4960-8C77-688AA2ED3DC3}"
EndProject
Project("{FAE04EC0-301F-11D3-BF4B-00C04F79EFBC}") = "LamdaExpression", "LamdaExpression\LamdaExpression.csproj", "{15F4BC2C-9E50-47EC-AF2B-AA964100E443}"
EndProject
Project("{FAE04EC0-301F-11D3-BF4B-00C04F79EFBC}") = "ExtensionMethod", "ExtensionMethod\ExtensionMethod.csproj", "{1F14F7D2-5365-483F-8A05-080C572D22D3}"
EndProject
Project("{FAE04EC0-301F-11D3-BF4B-00C04F79EFBC}") = "Iterators", "Iterators\Iterators.csproj", "{6F8D0A71-8E27-48EE-A75E-F2F9C8DA778E}"
EndProject
Project("{FAE04EC0-301F-11D3-BF4B-00C04F79EFBC}") = "IEnumerableIEnumerator", "IEnumerableIEnumerator\IEnumerableIEnumerator.csproj", "{14E1EBE1-8A5B-43B2-9A97-91F67CEC8185}"
EndProject
Project("{FAE04EC0-301F-11D3-BF4B-00C04F79EFBC}") = "IEnumerableGeneric", "IEnumerableGeneric\IEnumerableGeneric.csproj", "{D9F3D6CC-918E-4078-9F74-7D86E72F690B}"
EndProject
Project("{FAE04EC0-301F-11D3-BF4B-00C04F79EFBC}") = "IListExample", "IListExample\IListExample.csproj", "{03CE7C6B-0C9F-4E63-9577-6693659E49DC}"
EndProject
Project("{FAE04EC0-301F-11D3-BF4B-00C04F79EFBC}") = "ICollectionGeneric", "ICollectionGeneric\ICollectionGeneric.csproj", "{A54C52A0-8202-41E8-B949-EDB0CC4C4291}"
EndProject
Project("{FAE04EC0-301F-11D3-BF4B-00C04F79EFBC}") = "List_Sample", "List_Sample\List_Sample.csproj", "{FA5331DD-835E-4628-8D4C-8992D7EB8EF7}"
EndProject
Project("{FAE04EC0-301F-11D3-BF4B-00C04F79EFBC}") = "PropertySample", "PropertySample\PropertySample.csproj", "{2B26932F-4F09-4187-A724-4BDEF609B539}"
EndProject
Global
	GlobalSection(SolutionConfigurationPlatforms) = preSolution
		Debug|Any CPU = Debug|Any CPU
		Release|Any CPU = Release|Any CPU
	EndGlobalSection
	GlobalSection(ProjectConfigurationPlatforms) = postSolution
		{984D9143-3263-4AC6-974B-CFE02D6D0E70}.Debug|Any CPU.ActiveCfg = Debug|Any CPU
		{984D9143-3263-4AC6-974B-CFE02D6D0E70}.Debug|Any CPU.Build.0 = Debug|Any CPU
		{984D9143-3263-4AC6-974B-CFE02D6D0E70}.Release|Any CPU.ActiveCfg = Release|Any CPU
		{984D9143-3263-4AC6-974B-CFE02D6D0E70}.Release|Any CPU.Build.0 = Release|Any CPU
		{3B02BCF0-58E2-4143-9FA6-57AD5A7CA17F}.Debug|Any CPU.ActiveCfg = Debug|Any CPU
		{3B02BCF0-58E2-4143-9FA6-57AD5A7CA17F}.Debug|Any CPU.Build.0 = Debug|Any CPU
		{3B02BCF0-58E2-4143-9FA6-57AD5A7CA17F}.Release|Any CPU.ActiveCfg = Release|Any CPU
		{3B02BCF0-58E2-4143-9FA6-57AD5A7CA17F}.Release|Any CPU.Build.0 = Release|Any CPU
		{FD5F68E0-20DF-47FC-8A01-DD3C4CC5B6AC}.Debug|Any CPU.ActiveCfg = Debug|Any CPU
		{FD5F68E0-20DF-47FC-8A01-DD3C4CC5B6AC}.Debug|Any CPU.Build.0 = Debug|Any CPU
		{FD5F68E0-20DF-47FC-8A01-DD3C4CC5B6AC}.Release|Any CPU.ActiveCfg = Release|Any CPU
		{FD5F68E0-20DF-47FC-8A01-DD3C4CC5B6AC}.Release|Any CPU.Build.0 = Release|Any CPU
		{EFCB6CF8-872F-4774-BC97-DBE7367E8319}.Debug|Any CPU.ActiveCfg = Debug|Any CPU
		{EFCB6CF8-872F-4774-BC97-DBE7367E8319}.Debug|Any CPU.Build.0 = Debug|Any CPU
		{EFCB6CF8-872F-4774-BC97-DBE7367E8319}.Release|Any CPU.ActiveCfg = Release|Any CPU
		{EFCB6CF8-872F-4774-BC97-DBE7367E8319}.Release|Any CPU.Build.0 = Release|Any CPU
		{DADADF21-0A5A-497F-8F63-8F0EE0F3B0F1}.Debug|Any CPU.ActiveCfg = Debug|Any CPU
		{DADADF21-0A5A-497F-8F63-8F0EE0F3B0F1}.Debug|Any CPU.Build.0 = Debug|Any CPU
		{DADADF21-0A5A-497F-8F63-8F0EE0F3B0F1}.Release|Any CPU.ActiveCfg = Release|Any CPU
		{DADADF21-0A5A-497F-8F63-8F0EE0F3B0F1}.Release|Any CPU.Build.0 = Release|Any CPU
		{EECEB8F5-5DF4-4EBE-97E2-143D92148988}.Debug|Any CPU.ActiveCfg = Debug|Any CPU
		{EECEB8F5-5DF4-4EBE-97E2-143D92148988}.Debug|Any CPU.Build.0 = Debug|Any CPU
		{EECEB8F5-5DF4-4EBE-97E2-143D92148988}.Release|Any CPU.ActiveCfg = Release|Any CPU
		{EECEB8F5-5DF4-4EBE-97E2-143D92148988}.Release|Any CPU.Build.0 = Release|Any CPU
		{23A4F39B-6FB6-444A-9CF6-8158E043BA3D}.Debug|Any CPU.ActiveCfg = Debug|Any CPU
		{23A4F39B-6FB6-444A-9CF6-8158E043BA3D}.Debug|Any CPU.Build.0 = Debug|Any CPU
		{23A4F39B-6FB6-444A-9CF6-8158E043BA3D}.Release|Any CPU.ActiveCfg = Release|Any CPU
		{23A4F39B-6FB6-444A-9CF6-8158E043BA3D}.Release|Any CPU.Build.0 = Release|Any CPU
		{EBD255E7-D772-46C2-9829-53612693D64B}.Debug|Any CPU.ActiveCfg = Debug|Any CPU
		{EBD255E7-D772-46C2-9829-53612693D64B}.Debug|Any CPU.Build.0 = Debug|Any CPU
		{EBD255E7-D772-46C2-9829-53612693D64B}.Release|Any CPU.ActiveCfg = Release|Any CPU
		{EBD255E7-D772-46C2-9829-53612693D64B}.Release|Any CPU.Build.0 = Release|Any CPU
		{1145C969-9BE9-4961-B65F-24C8976A3D2F}.Debug|Any CPU.ActiveCfg = Debug|Any CPU
		{1145C969-9BE9-4961-B65F-24C8976A3D2F}.Debug|Any CPU.Build.0 = Debug|Any CPU
		{1145C969-9BE9-4961-B65F-24C8976A3D2F}.Release|Any CPU.ActiveCfg = Release|Any CPU
		{1145C969-9BE9-4961-B65F-24C8976A3D2F}.Release|Any CPU.Build.0 = Release|Any CPU
		{8539D983-5D5C-4FB9-982D-2B632CC611DC}.Debug|Any CPU.ActiveCfg = Debug|Any CPU
		{8539D983-5D5C-4FB9-982D-2B632CC611DC}.Debug|Any CPU.Build.0 = Debug|Any CPU
		{8539D983-5D5C-4FB9-982D-2B632CC611DC}.Release|Any CPU.ActiveCfg = Release|Any CPU
		{8539D983-5D5C-4FB9-982D-2B632CC611DC}.Release|Any CPU.Build.0 = Release|Any CPU
		{C314A170-6277-4E21-AF45-4B2F82BE5BEB}.Debug|Any CPU.ActiveCfg = Debug|Any CPU
		{C314A170-6277-4E21-AF45-4B2F82BE5BEB}.Debug|Any CPU.Build.0 = Debug|Any CPU
		{C314A170-6277-4E21-AF45-4B2F82BE5BEB}.Release|Any CPU.ActiveCfg = Release|Any CPU
		{C314A170-6277-4E21-AF45-4B2F82BE5BEB}.Release|Any CPU.Build.0 = Release|Any CPU
		{0B09FA06-9432-4542-9A8E-AAE1F32BC5F9}.Debug|Any CPU.ActiveCfg = Debug|Any CPU
		{0B09FA06-9432-4542-9A8E-AAE1F32BC5F9}.Debug|Any CPU.Build.0 = Debug|Any CPU
		{0B09FA06-9432-4542-9A8E-AAE1F32BC5F9}.Release|Any CPU.ActiveCfg = Release|Any CPU
		{0B09FA06-9432-4542-9A8E-AAE1F32BC5F9}.Release|Any CPU.Build.0 = Release|Any CPU
		{B7172D42-209C-413C-885B-D4010D40DE87}.Debug|Any CPU.ActiveCfg = Debug|Any CPU
		{B7172D42-209C-413C-885B-D4010D40DE87}.Debug|Any CPU.Build.0 = Debug|Any CPU
		{B7172D42-209C-413C-885B-D4010D40DE87}.Release|Any CPU.ActiveCfg = Release|Any CPU
		{B7172D42-209C-413C-885B-D4010D40DE87}.Release|Any CPU.Build.0 = Release|Any CPU
		{DDD69D93-6ED7-4E68-A23B-9326A08945CD}.Debug|Any CPU.ActiveCfg = Debug|Any CPU
		{DDD69D93-6ED7-4E68-A23B-9326A08945CD}.Debug|Any CPU.Build.0 = Debug|Any CPU
		{DDD69D93-6ED7-4E68-A23B-9326A08945CD}.Release|Any CPU.ActiveCfg = Release|Any CPU
		{DDD69D93-6ED7-4E68-A23B-9326A08945CD}.Release|Any CPU.Build.0 = Release|Any CPU
		{9E0B70CB-32CC-48B5-B5E9-76A5F2E8E780}.Debug|Any CPU.ActiveCfg = Debug|Any CPU
		{9E0B70CB-32CC-48B5-B5E9-76A5F2E8E780}.Debug|Any CPU.Build.0 = Debug|Any CPU
		{9E0B70CB-32CC-48B5-B5E9-76A5F2E8E780}.Release|Any CPU.ActiveCfg = Release|Any CPU
		{9E0B70CB-32CC-48B5-B5E9-76A5F2E8E780}.Release|Any CPU.Build.0 = Release|Any CPU
		{BAA77FAD-A7B6-4C54-83B3-24A2BCA92230}.Debug|Any CPU.ActiveCfg = Debug|Any CPU
		{BAA77FAD-A7B6-4C54-83B3-24A2BCA92230}.Debug|Any CPU.Build.0 = Debug|Any CPU
		{BAA77FAD-A7B6-4C54-83B3-24A2BCA92230}.Release|Any CPU.ActiveCfg = Release|Any CPU
		{BAA77FAD-A7B6-4C54-83B3-24A2BCA92230}.Release|Any CPU.Build.0 = Release|Any CPU
		{C67B2DB9-6D2E-4960-8C77-688AA2ED3DC3}.Debug|Any CPU.ActiveCfg = Debug|Any CPU
		{C67B2DB9-6D2E-4960-8C77-688AA2ED3DC3}.Debug|Any CPU.Build.0 = Debug|Any CPU
		{C67B2DB9-6D2E-4960-8C77-688AA2ED3DC3}.Release|Any CPU.ActiveCfg = Release|Any CPU
		{C67B2DB9-6D2E-4960-8C77-688AA2ED3DC3}.Release|Any CPU.Build.0 = Release|Any CPU
		{15F4BC2C-9E50-47EC-AF2B-AA964100E443}.Debug|Any CPU.ActiveCfg = Debug|Any CPU
		{15F4BC2C-9E50-47EC-AF2B-AA964100E443}.Debug|Any CPU.Build.0 = Debug|Any CPU
		{15F4BC2C-9E50-47EC-AF2B-AA964100E443}.Release|Any CPU.ActiveCfg = Release|Any CPU
		{15F4BC2C-9E50-47EC-AF2B-AA964100E443}.Release|Any CPU.Build.0 = Release|Any CPU
		{1F14F7D2-5365-483F-8A05-080C572D22D3}.Debug|Any CPU.ActiveCfg = Debug|Any CPU
		{1F14F7D2-5365-483F-8A05-080C572D22D3}.Debug|Any CPU.Build.0 = Debug|Any CPU
		{1F14F7D2-5365-483F-8A05-080C572D22D3}.Release|Any CPU.ActiveCfg = Release|Any CPU
		{1F14F7D2-5365-483F-8A05-080C572D22D3}.Release|Any CPU.Build.0 = Release|Any CPU
		{6F8D0A71-8E27-48EE-A75E-F2F9C8DA778E}.Debug|Any CPU.ActiveCfg = Debug|Any CPU
		{6F8D0A71-8E27-48EE-A75E-F2F9C8DA778E}.Debug|Any CPU.Build.0 = Debug|Any CPU
		{6F8D0A71-8E27-48EE-A75E-F2F9C8DA778E}.Release|Any CPU.ActiveCfg = Release|Any CPU
		{6F8D0A71-8E27-48EE-A75E-F2F9C8DA778E}.Release|Any CPU.Build.0 = Release|Any CPU
		{14E1EBE1-8A5B-43B2-9A97-91F67CEC8185}.Debug|Any CPU.ActiveCfg = Debug|Any CPU
		{14E1EBE1-8A5B-43B2-9A97-91F67CEC8185}.Debug|Any CPU.Build.0 = Debug|Any CPU
		{14E1EBE1-8A5B-43B2-9A97-91F67CEC8185}.Release|Any CPU.ActiveCfg = Release|Any CPU
		{14E1EBE1-8A5B-43B2-9A97-91F67CEC8185}.Release|Any CPU.Build.0 = Release|Any CPU
		{D9F3D6CC-918E-4078-9F74-7D86E72F690B}.Debug|Any CPU.ActiveCfg = Debug|Any CPU
		{D9F3D6CC-918E-4078-9F74-7D86E72F690B}.Debug|Any CPU.Build.0 = Debug|Any CPU
		{D9F3D6CC-918E-4078-9F74-7D86E72F690B}.Release|Any CPU.ActiveCfg = Release|Any CPU
		{D9F3D6CC-918E-4078-9F74-7D86E72F690B}.Release|Any CPU.Build.0 = Release|Any CPU
		{03CE7C6B-0C9F-4E63-9577-6693659E49DC}.Debug|Any CPU.ActiveCfg = Debug|Any CPU
		{03CE7C6B-0C9F-4E63-9577-6693659E49DC}.Debug|Any CPU.Build.0 = Debug|Any CPU
		{03CE7C6B-0C9F-4E63-9577-6693659E49DC}.Release|Any CPU.ActiveCfg = Release|Any CPU
		{03CE7C6B-0C9F-4E63-9577-6693659E49DC}.Release|Any CPU.Build.0 = Release|Any CPU
		{A54C52A0-8202-41E8-B949-EDB0CC4C4291}.Debug|Any CPU.ActiveCfg = Debug|Any CPU
		{A54C52A0-8202-41E8-B949-EDB0CC4C4291}.Debug|Any CPU.Build.0 = Debug|Any CPU
		{A54C52A0-8202-41E8-B949-EDB0CC4C4291}.Release|Any CPU.ActiveCfg = Release|Any CPU
		{A54C52A0-8202-41E8-B949-EDB0CC4C4291}.Release|Any CPU.Build.0 = Release|Any CPU
		{FA5331DD-835E-4628-8D4C-8992D7EB8EF7}.Debug|Any CPU.ActiveCfg = Debug|Any CPU
		{FA5331DD-835E-4628-8D4C-8992D7EB8EF7}.Debug|Any CPU.Build.0 = Debug|Any CPU
		{FA5331DD-835E-4628-8D4C-8992D7EB8EF7}.Release|Any CPU.ActiveCfg = Release|Any CPU
		{FA5331DD-835E-4628-8D4C-8992D7EB8EF7}.Release|Any CPU.Build.0 = Release|Any CPU
		{2B26932F-4F09-4187-A724-4BDEF609B539}.Debug|Any CPU.ActiveCfg = Debug|Any CPU
		{2B26932F-4F09-4187-A724-4BDEF609B539}.Debug|Any CPU.Build.0 = Debug|Any CPU
		{2B26932F-4F09-4187-A724-4BDEF609B539}.Release|Any CPU.ActiveCfg = Release|Any CPU
		{2B26932F-4F09-4187-A724-4BDEF609B539}.Release|Any CPU.Build.0 = Release|Any CPU
	EndGlobalSection
	GlobalSection(SolutionProperties) = preSolution
		HideSolutionNode = FALSE
	EndGlobalSection
	GlobalSection(ExtensibilityGlobals) = postSolution
		SolutionGuid = {B5BB98AE-5C0E-4388-ACC4-F9703112C9E0}
	EndGlobalSection
EndGlobal
